
Microsoft Visual Studio Solution File, Format Version 12.00
# Visual Studio Version 17
VisualStudioVersion = 17.3.32922.545
MinimumVisualStudioVersion = 10.0.40219.1
Project("{FAE04EC0-301F-11D3-BF4B-00C04F79EFBC}") = "FundooNotesApp", "FundooNotesApp\FundooNotesApp.csproj", "{52E47F94-F72A-4672-9874-6E40B56637AD}"
EndProject
Project("{FAE04EC0-301F-11D3-BF4B-00C04F79EFBC}") = "RepoLayer", "RepoLayer\RepoLayer.csproj", "{AB5673C3-D75F-409F-8AEB-199CED8071CC}"
EndProject
Project("{FAE04EC0-301F-11D3-BF4B-00C04F79EFBC}") = "CommonLayer", "CommonLayer\CommonLayer.csproj", "{FA8D28F3-0B47-44C5-9050-1776FEF236DE}"
EndProject
Project("{FAE04EC0-301F-11D3-BF4B-00C04F79EFBC}") = "ManagerLayer", "ManagerLayer\ManagerLayer.csproj", "{A8D410AA-9B94-4A2E-9518-7D386A1B9BC2}"
EndProject
Global
	GlobalSection(SolutionConfigurationPlatforms) = preSolution
		Debug|Any CPU = Debug|Any CPU
		Release|Any CPU = Release|Any CPU
	EndGlobalSection
	GlobalSection(ProjectConfigurationPlatforms) = postSolution
		{52E47F94-F72A-4672-9874-6E40B56637AD}.Debug|Any CPU.ActiveCfg = Debug|Any CPU
		{52E47F94-F72A-4672-9874-6E40B56637AD}.Debug|Any CPU.Build.0 = Debug|Any CPU
		{52E47F94-F72A-4672-9874-6E40B56637AD}.Release|Any CPU.ActiveCfg = Release|Any CPU
		{52E47F94-F72A-4672-9874-6E40B56637AD}.Release|Any CPU.Build.0 = Release|Any CPU
		{AB5673C3-D75F-409F-8AEB-199CED8071CC}.Debug|Any CPU.ActiveCfg = Debug|Any CPU
		{AB5673C3-D75F-409F-8AEB-199CED8071CC}.Debug|Any CPU.Build.0 = Debug|Any CPU
		{AB5673C3-D75F-409F-8AEB-199CED8071CC}.Release|Any CPU.ActiveCfg = Release|Any CPU
		{AB5673C3-D75F-409F-8AEB-199CED8071CC}.Release|Any CPU.Build.0 = Release|Any CPU
		{FA8D28F3-0B47-44C5-9050-1776FEF236DE}.Debug|Any CPU.ActiveCfg = Debug|Any CPU
		{FA8D28F3-0B47-44C5-9050-1776FEF236DE}.Debug|Any CPU.Build.0 = Debug|Any CPU
		{FA8D28F3-0B47-44C5-9050-1776FEF236DE}.Release|Any CPU.ActiveCfg = Release|Any CPU
		{FA8D28F3-0B47-44C5-9050-1776FEF236DE}.Release|Any CPU.Build.0 = Release|Any CPU
		{A8D410AA-9B94-4A2E-9518-7D386A1B9BC2}.Debug|Any CPU.ActiveCfg = Debug|Any CPU
		{A8D410AA-9B94-4A2E-9518-7D386A1B9BC2}.Debug|Any CPU.Build.0 = Debug|Any CPU
		{A8D410AA-9B94-4A2E-9518-7D386A1B9BC2}.Release|Any CPU.ActiveCfg = Release|Any CPU
		{A8D410AA-9B94-4A2E-9518-7D386A1B9BC2}.Release|Any CPU.Build.0 = Release|Any CPU
	EndGlobalSection
	GlobalSection(SolutionProperties) = preSolution
		HideSolutionNode = FALSE
	EndGlobalSection
	GlobalSection(ExtensibilityGlobals) = postSolution
		SolutionGuid = {CE53B46F-9789-44CB-8953-74E25DE74345}
	EndGlobalSection
EndGlobal
